
Microsoft Visual Studio Solution File, Format Version 12.00
# Visual Studio 2012
Project("{FAE04EC0-301F-11D3-BF4B-00C04F79EFBC}") = "SegundaConsola", "SegundaConsola\SegundaConsola.csproj", "{DE4CB72C-0458-466F-B8E2-B1AED3AADCF2}"
EndProject
Project("{FAE04EC0-301F-11D3-BF4B-00C04F79EFBC}") = "Segunda.Libreria", "Segunda.Libreria\Segunda.Libreria.csproj", "{094C7FFA-4653-461A-AB6A-A4D89F01F3AF}"
EndProject
Global
	GlobalSection(SolutionConfigurationPlatforms) = preSolution
		Debug|Any CPU = Debug|Any CPU
		Release|Any CPU = Release|Any CPU
	EndGlobalSection
	GlobalSection(ProjectConfigurationPlatforms) = postSolution
		{DE4CB72C-0458-466F-B8E2-B1AED3AADCF2}.Debug|Any CPU.ActiveCfg = Debug|Any CPU
		{DE4CB72C-0458-466F-B8E2-B1AED3AADCF2}.Debug|Any CPU.Build.0 = Debug|Any CPU
		{DE4CB72C-0458-466F-B8E2-B1AED3AADCF2}.Release|Any CPU.ActiveCfg = Release|Any CPU
		{DE4CB72C-0458-466F-B8E2-B1AED3AADCF2}.Release|Any CPU.Build.0 = Release|Any CPU
		{094C7FFA-4653-461A-AB6A-A4D89F01F3AF}.Debug|Any CPU.ActiveCfg = Debug|Any CPU
		{094C7FFA-4653-461A-AB6A-A4D89F01F3AF}.Debug|Any CPU.Build.0 = Debug|Any CPU
		{094C7FFA-4653-461A-AB6A-A4D89F01F3AF}.Release|Any CPU.ActiveCfg = Release|Any CPU
		{094C7FFA-4653-461A-AB6A-A4D89F01F3AF}.Release|Any CPU.Build.0 = Release|Any CPU
	EndGlobalSection
	GlobalSection(SolutionProperties) = preSolution
		HideSolutionNode = FALSE
	EndGlobalSection
EndGlobal
